# THIS IS AN AUTOGENERATED FILE. DO NOT EDIT THIS FILE DIRECTLY.
# yarn lockfile v1


"@headlessui/react@^1.7.7":
  version "1.7.7"
  resolved "https://registry.yarnpkg.com/@headlessui/react/-/react-1.7.7.tgz#d6f8708d8943ae8ebb1a6929108234e4515ac7e8"
  integrity sha512-BqDOd/tB9u2tA0T3Z0fn18ktw+KbVwMnkxxsGPIH2hzssrQhKB5n/6StZOyvLYP/FsYtvuXfi9I0YowKPv2c1w==
  dependencies:
    client-only "^0.0.1"

client-only@^0.0.1:
  version "0.0.1"
  resolved "https://registry.yarnpkg.com/client-only/-/client-only-0.0.1.tgz#38bba5d403c41ab150bff64a95c85013cf73bca1"
  integrity sha512-IV3Ou0jSMzZrd3pZ48nLkT9DA7Ag1pnPzaiQhpW7c3RbcqqzvzzVu+L8gfqMp/8IM2MQtSiqaCxrrcfu8I8rMA==
